
Microsoft Visual Studio Solution File, Format Version 12.00
# Visual Studio Version 16
VisualStudioVersion = 16.0.31911.196
MinimumVisualStudioVersion = 10.0.40219.1
Project("{FAE04EC0-301F-11D3-BF4B-00C04F79EFBC}") = "APIlaba", "APIlaba\APIlaba.csproj", "{13DC7580-F0CE-4765-9D29-56D4437D84AF}"
EndProject
Global
	GlobalSection(SolutionConfigurationPlatforms) = preSolution
		Debug|Any CPU = Debug|Any CPU
		Release|Any CPU = Release|Any CPU
	EndGlobalSection
	GlobalSection(ProjectConfigurationPlatforms) = postSolution
		{13DC7580-F0CE-4765-9D29-56D4437D84AF}.Debug|Any CPU.ActiveCfg = Debug|Any CPU
		{13DC7580-F0CE-4765-9D29-56D4437D84AF}.Debug|Any CPU.Build.0 = Debug|Any CPU
		{13DC7580-F0CE-4765-9D29-56D4437D84AF}.Release|Any CPU.ActiveCfg = Release|Any CPU
		{13DC7580-F0CE-4765-9D29-56D4437D84AF}.Release|Any CPU.Build.0 = Release|Any CPU
	EndGlobalSection
	GlobalSection(SolutionProperties) = preSolution
		HideSolutionNode = FALSE
	EndGlobalSection
	GlobalSection(ExtensibilityGlobals) = postSolution
		SolutionGuid = {CC75A411-4A7C-4375-A695-A413EAFCD521}
	EndGlobalSection
EndGlobal
